<?xml version="1.0" encoding="utf-8"?>
<Project ToolsVersion="4.0" xmlns="http://schemas.microsoft.com/developer/msbuild/2003">
  <ItemGroup>
    <Filter Include="Source Files">
      <UniqueIdentifier>{4FC737F1-C7A5-4376-A066-2A32D752A2FF}</UniqueIdentifier>
      <Extensions>cpp;c;cc;cxx;def;odl;idl;hpj;bat;asm;asmx</Extensions>
    </Filter>
    <Filter Include="Header Files">
      <UniqueIdentifier>{93995380-89BD-4b04-88EB-625FBE52EBFB}</UniqueIdentifier>
      <Extensions>h;hh;hpp;hxx;hm;inl;inc;ipp;xsd</Extensions>
    </Filter>
    <Filter Include="Resource Files">
      <UniqueIdentifier>{67DA6AB6-F800-4c08-8B7A-83BB121AAD01}</UniqueIdentifier>
      <Extensions>rc;ico;cur;bmp;dlg;rc2;rct;bin;rgs;gif;jpg;jpeg;jpe;resx;tiff;tif;png;wav;mfcribbon-ms</Extensions>
    </Filter>
    <Filter Include="Resource Files\Graphics">
      <UniqueIdentifier>{475a01c5-a618-4160-80d5-3caa0ecd59f5}</UniqueIdentifier>
    </Filter>
    <Filter Include="Resource Files\Fonts">
      <UniqueIdentifier>{32bb3ac0-9d8e-44ec-91cf-adb05d91834f}</UniqueIdentifier>
    </Filter>
    <Filter Include="Resource Files\Audio">
      <UniqueIdentifier>{187d1033-c3fb-4fa2-aaae-079fa57f2c38}</UniqueIdentifier>
    </Filter>
  </ItemGroup>
  <ItemGroup>
    <ClCompile Include="Bullet.cpp">
      <Filter>Source Files</Filter>
    </ClCompile>
    <ClCompile Include="CreateBackground.cpp">
      <Filter>Source Files</Filter>
    </ClCompile>
    <ClCompile Include="CreateHorde.cpp">
      <Filter>Source Files</Filter>
    </ClCompile>
    <ClCompile Include="Pickup.cpp">
      <Filter>Source Files</Filter>
    </ClCompile>
    <ClCompile Include="Player.cpp">
      <Filter>Source Files</Filter>
    </ClCompile>
    <ClCompile Include="TextureHolder.cpp">
      <Filter>Source Files</Filter>
    </ClCompile>
    <ClCompile Include="DevilSpawn.cpp">
      <Filter>Source Files</Filter>
    </ClCompile>
    <ClCompile Include="Devil.cpp">
      <Filter>Source Files</Filter>
    </ClCompile>
    <ClCompile Include="Button.cpp">
      <Filter>Source Files</Filter>
    </ClCompile>
    <ClCompile Include="main.cpp">
      <Filter>Source Files</Filter>
    </ClCompile>
    <ClCompile Include="Input.cpp">
      <Filter>Source Files</Filter>
    </ClCompile>
    <ClCompile Include="Update.cpp">
      <Filter>Source Files</Filter>
    </ClCompile>
    <ClCompile Include="Draw.cpp">
      <Filter>Source Files</Filter>
    </ClCompile>
    <ClCompile Include="initButtons.cpp">
      <Filter>Source Files</Filter>
    </ClCompile>
    <ClCompile Include="initText.cpp">
      <Filter>Source Files</Filter>
    </ClCompile>
    <ClCompile Include="initSounds.cpp">
      <Filter>Source Files</Filter>
    </ClCompile>
  </ItemGroup>
  <ItemGroup>
    <ClInclude Include="Bullet.h">
      <Filter>Header Files</Filter>
    </ClInclude>
    <ClInclude Include="Pickup.h">
      <Filter>Header Files</Filter>
    </ClInclude>
    <ClInclude Include="Player.h">
      <Filter>Header Files</Filter>
    </ClInclude>
    <ClInclude Include="TextureHolder.h">
      <Filter>Header Files</Filter>
    </ClInclude>
    <ClInclude Include="DevilSpawn.h">
      <Filter>Header Files</Filter>
    </ClInclude>
    <ClInclude Include="Devil.h">
      <Filter>Header Files</Filter>
    </ClInclude>
    <ClInclude Include="Button.h">
      <Filter>Header Files</Filter>
    </ClInclude>
  </ItemGroup>
  <ItemGroup>
    <Image Include="Graphics\ammo_icon.png">
      <Filter>Resource Files\Graphics</Filter>
    </Image>
    <Image Include="Graphics\ammo_pickup.png">
      <Filter>Resource Files\Graphics</Filter>
    </Image>
    <Image Include="Graphics\background.png">
      <Filter>Resource Files\Graphics</Filter>
    </Image>
    <Image Include="Graphics\background_sheet.png">
      <Filter>Resource Files\Graphics</Filter>
    </Image>
    <Image Include="Graphics\bloater.png">
      <Filter>Resource Files\Graphics</Filter>
    </Image>
    <Image Include="Graphics\blood.png">
      <Filter>Resource Files\Graphics</Filter>
    </Image>
    <Image Include="Graphics\chaser.png">
      <Filter>Resource Files\Graphics</Filter>
    </Image>
    <Image Include="Graphics\crawler.png">
      <Filter>Resource Files\Graphics</Filter>
    </Image>
    <Image Include="Graphics\crosshair.png">
      <Filter>Resource Files\Graphics</Filter>
    </Image>
    <Image Include="Graphics\health_pickup.png">
      <Filter>Resource Files\Graphics</Filter>
    </Image>
    <Image Include="Graphics\player.png">
      <Filter>Resource Files\Graphics</Filter>
    </Image>
    <Image Include="Graphics\background_sheet_new.png">
      <Filter>Resource Files\Graphics</Filter>
    </Image>
    <Image Include="Graphics\background_sheet_stretch.png">
      <Filter>Resource Files\Graphics</Filter>
    </Image>
    <Image Include="Graphics\demonEnemy_01.png">
      <Filter>Resource Files\Graphics</Filter>
    </Image>
    <Image Include="Graphics\chaser_head.png">
      <Filter>Resource Files\Graphics</Filter>
    </Image>
    <Image Include="Graphics\chaser_headless.png">
      <Filter>Resource Files\Graphics</Filter>
    </Image>
    <Image Include="Graphics\mtDoom_background.jpg">
      <Filter>Resource Files\Graphics</Filter>
    </Image>
    <Image Include="Graphics\player_new.png">
      <Filter>Resource Files\Graphics</Filter>
    </Image>
  </ItemGroup>
  <ItemGroup>
    <Media Include="Audio\hit.wav">
      <Filter>Resource Files\Audio</Filter>
    </Media>
    <Media Include="Audio\pickup.wav">
      <Filter>Resource Files\Audio</Filter>
    </Media>
    <Media Include="Audio\powerup.wav">
      <Filter>Resource Files\Audio</Filter>
    </Media>
    <Media Include="Audio\reload.wav">
      <Filter>Resource Files\Audio</Filter>
    </Media>
    <Media Include="Audio\reload_failed.wav">
      <Filter>Resource Files\Audio</Filter>
    </Media>
    <Media Include="Audio\shoot.wav">
      <Filter>Resource Files\Audio</Filter>
    </Media>
    <Media Include="Audio\splat.wav">
      <Filter>Resource Files\Audio</Filter>
    </Media>
    <Media Include="Audio\8BIT_RETRO_Coin_Collect_Two_Note_Deep_Twinkle_mono.wav">
      <Filter>Resource Files\Audio</Filter>
    </Media>
    <Media Include="Audio\CHARGE_Sci-Fi_High_Pass_Sweep_12_Semi_Up_500ms_stereo.wav">
      <Filter>Resource Files\Audio</Filter>
    </Media>
    <Media Include="Audio\FIREARM_Handgun_B_FS92_9mm_Fire_Short_Reverb_Tail_RR2_stereo.wav">
      <Filter>Resource Files\Audio</Filter>
    </Media>
    <Media Include="Audio\GORE_Splat_Hit_Short_mono.wav">
      <Filter>Resource Files\Audio</Filter>
    </Media>
    <Media Include="Audio\IMPACT_Generic_09_Short_mono.wav">
      <Filter>Resource Files\Audio</Filter>
    </Media>
    <Media Include="Audio\RELOAD_Clicks_Double_mono.wav">
      <Filter>Resource Files\Audio</Filter>
    </Media>
    <Media Include="Audio\RELOAD_Dry_Fire_stereo.wav">
      <Filter>Resource Files\Audio</Filter>
    </Media>
  </ItemGroup>
  <ItemGroup>
    <Font Include="Fonts\zombiecontrol.ttf">
      <Filter>Resource Files\Fonts</Filter>
    </Font>
    <Font Include="Fonts\firstordersemital.ttf">
      <Filter>Resource Files\Fonts</Filter>
    </Font>
  </ItemGroup>
</Project>